// !$*UTF8*$!
{
	archiveVersion = 1;
	classes = {
	};
	objectVersion = 46;
	objects = {

/* Begin PBXBuildFile section */
		EA3FC15A1EDC823700B7E934 /* AppDelegate.swift in Sources */ = {isa = PBXBuildFile; fileRef = EA3FC1591EDC823700B7E934 /* AppDelegate.swift */; };
		EA3FC15C1EDC823700B7E934 /* ViewController.swift in Sources */ = {isa = PBXBuildFile; fileRef = EA3FC15B1EDC823700B7E934 /* ViewController.swift */; };
		EA3FC15F1EDC823700B7E934 /* Main.storyboard in Resources */ = {isa = PBXBuildFile; fileRef = EA3FC15D1EDC823700B7E934 /* Main.storyboard */; };
		EA3FC1611EDC823700B7E934 /* Assets.xcassets in Resources */ = {isa = PBXBuildFile; fileRef = EA3FC1601EDC823700B7E934 /* Assets.xcassets */; };
		EA3FC1641EDC823700B7E934 /* LaunchScreen.storyboard in Resources */ = {isa = PBXBuildFile; fileRef = EA3FC1621EDC823700B7E934 /* LaunchScreen.storyboard */; };
		EA3FC1861EDC8DEC00B7E934 /* attribution.txt in Resources */ = {isa = PBXBuildFile; fileRef = EA3FC16C1EDC8DEC00B7E934 /* attribution.txt */; };
		EA3FC1871EDC8DEC00B7E934 /* bee.jpg in Resources */ = {isa = PBXBuildFile; fileRef = EA3FC16D1EDC8DEC00B7E934 /* bee.jpg */; };
		EA3FC1881EDC8DEC00B7E934 /* beetle.jpg in Resources */ = {isa = PBXBuildFile; fileRef = EA3FC16E1EDC8DEC00B7E934 /* beetle.jpg */; };
		EA3FC1891EDC8DEC00B7E934 /* burritoInsect.jpg in Resources */ = {isa = PBXBuildFile; fileRef = EA3FC16F1EDC8DEC00B7E934 /* burritoInsect.jpg */; };
		EA3FC18A1EDC8DEC00B7E934 /* caterpillar.jpg in Resources */ = {isa = PBXBuildFile; fileRef = EA3FC1701EDC8DEC00B7E934 /* caterpillar.jpg */; };
		EA3FC18B1EDC8DEC00B7E934 /* centipede.jpg in Resources */ = {isa = PBXBuildFile; fileRef = EA3FC1711EDC8DEC00B7E934 /* centipede.jpg */; };
		EA3FC18C1EDC8DEC00B7E934 /* cicada.jpg in Resources */ = {isa = PBXBuildFile; fileRef = EA3FC1721EDC8DEC00B7E934 /* cicada.jpg */; };
		EA3FC18D1EDC8DEC00B7E934 /* cockroach.jpg in Resources */ = {isa = PBXBuildFile; fileRef = EA3FC1731EDC8DEC00B7E934 /* cockroach.jpg */; };
		EA3FC18E1EDC8DEC00B7E934 /* exoskeleton.jpg in Resources */ = {isa = PBXBuildFile; fileRef = EA3FC1741EDC8DEC00B7E934 /* exoskeleton.jpg */; };
		EA3FC18F1EDC8DEC00B7E934 /* fly.jpg in Resources */ = {isa = PBXBuildFile; fileRef = EA3FC1751EDC8DEC00B7E934 /* fly.jpg */; };
		EA3FC1901EDC8DEC00B7E934 /* giantMoth.jpg in Resources */ = {isa = PBXBuildFile; fileRef = EA3FC1761EDC8DEC00B7E934 /* giantMoth.jpg */; };
		EA3FC1911EDC8DEC00B7E934 /* grasshopper.jpg in Resources */ = {isa = PBXBuildFile; fileRef = EA3FC1771EDC8DEC00B7E934 /* grasshopper.jpg */; };
		EA3FC1921EDC8DEC00B7E934 /* ladybug.jpg in Resources */ = {isa = PBXBuildFile; fileRef = EA3FC1781EDC8DEC00B7E934 /* ladybug.jpg */; };
		EA3FC1931EDC8DEC00B7E934 /* mosquito.jpg in Resources */ = {isa = PBXBuildFile; fileRef = EA3FC1791EDC8DEC00B7E934 /* mosquito.jpg */; };
		EA3FC1941EDC8DEC00B7E934 /* potatoBug.jpg in Resources */ = {isa = PBXBuildFile; fileRef = EA3FC17A1EDC8DEC00B7E934 /* potatoBug.jpg */; };
		EA3FC1951EDC8DEC00B7E934 /* prayingMantis.jpg in Resources */ = {isa = PBXBuildFile; fileRef = EA3FC17B1EDC8DEC00B7E934 /* prayingMantis.jpg */; };
		EA3FC1961EDC8DEC00B7E934 /* roach.jpg in Resources */ = {isa = PBXBuildFile; fileRef = EA3FC17C1EDC8DEC00B7E934 /* roach.jpg */; };
		EA3FC1971EDC8DEC00B7E934 /* robberFly.jpg in Resources */ = {isa = PBXBuildFile; fileRef = EA3FC17D1EDC8DEC00B7E934 /* robberFly.jpg */; };
		EA3FC1981EDC8DEC00B7E934 /* ScaryBug.swift in Sources */ = {isa = PBXBuildFile; fileRef = EA3FC17E1EDC8DEC00B7E934 /* ScaryBug.swift */; };
		EA3FC1991EDC8DEC00B7E934 /* scorpion.jpg in Resources */ = {isa = PBXBuildFile; fileRef = EA3FC17F1EDC8DEC00B7E934 /* scorpion.jpg */; };
		EA3FC19A1EDC8DEC00B7E934 /* shieldBug.jpg in Resources */ = {isa = PBXBuildFile; fileRef = EA3FC1801EDC8DEC00B7E934 /* shieldBug.jpg */; };
		EA3FC19B1EDC8DEC00B7E934 /* shockedface2_empty.png in Resources */ = {isa = PBXBuildFile; fileRef = EA3FC1811EDC8DEC00B7E934 /* shockedface2_empty.png */; };
		EA3FC19C1EDC8DEC00B7E934 /* shockedface2_full.png in Resources */ = {isa = PBXBuildFile; fileRef = EA3FC1821EDC8DEC00B7E934 /* shockedface2_full.png */; };
		EA3FC19D1EDC8DEC00B7E934 /* stagBeetle.jpg in Resources */ = {isa = PBXBuildFile; fileRef = EA3FC1831EDC8DEC00B7E934 /* stagBeetle.jpg */; };
		EA3FC19E1EDC8DEC00B7E934 /* stinkbug.jpg in Resources */ = {isa = PBXBuildFile; fileRef = EA3FC1841EDC8DEC00B7E934 /* stinkbug.jpg */; };
		EA3FC19F1EDC8DEC00B7E934 /* wolfSpider.jpg in Resources */ = {isa = PBXBuildFile; fileRef = EA3FC1851EDC8DEC00B7E934 /* wolfSpider.jpg */; };
/* End PBXBuildFile section */

/* Begin PBXFileReference section */
		EA3FC1561EDC823700B7E934 /* 001-Challenge-TableOfBugs.app */ = {isa = PBXFileReference; explicitFileType = wrapper.application; includeInIndex = 0; path = "001-Challenge-TableOfBugs.app"; sourceTree = BUILT_PRODUCTS_DIR; };
		EA3FC1591EDC823700B7E934 /* AppDelegate.swift */ = {isa = PBXFileReference; lastKnownFileType = sourcecode.swift; path = AppDelegate.swift; sourceTree = "<group>"; };
		EA3FC15B1EDC823700B7E934 /* ViewController.swift */ = {isa = PBXFileReference; lastKnownFileType = sourcecode.swift; path = ViewController.swift; sourceTree = "<group>"; };
		EA3FC15E1EDC823700B7E934 /* Base */ = {isa = PBXFileReference; lastKnownFileType = file.storyboard; name = Base; path = Base.lproj/Main.storyboard; sourceTree = "<group>"; };
		EA3FC1601EDC823700B7E934 /* Assets.xcassets */ = {isa = PBXFileReference; lastKnownFileType = folder.assetcatalog; path = Assets.xcassets; sourceTree = "<group>"; };
		EA3FC1631EDC823700B7E934 /* Base */ = {isa = PBXFileReference; lastKnownFileType = file.storyboard; name = Base; path = Base.lproj/LaunchScreen.storyboard; sourceTree = "<group>"; };
		EA3FC1651EDC823700B7E934 /* Info.plist */ = {isa = PBXFileReference; lastKnownFileType = text.plist.xml; path = Info.plist; sourceTree = "<group>"; };
		EA3FC16C1EDC8DEC00B7E934 /* attribution.txt */ = {isa = PBXFileReference; fileEncoding = 4; lastKnownFileType = text; path = attribution.txt; sourceTree = "<group>"; };
		EA3FC16D1EDC8DEC00B7E934 /* bee.jpg */ = {isa = PBXFileReference; lastKnownFileType = image.jpeg; path = bee.jpg; sourceTree = "<group>"; };
		EA3FC16E1EDC8DEC00B7E934 /* beetle.jpg */ = {isa = PBXFileReference; lastKnownFileType = image.jpeg; path = beetle.jpg; sourceTree = "<group>"; };
		EA3FC16F1EDC8DEC00B7E934 /* burritoInsect.jpg */ = {isa = PBXFileReference; lastKnownFileType = image.jpeg; path = burritoInsect.jpg; sourceTree = "<group>"; };
		EA3FC1701EDC8DEC00B7E934 /* caterpillar.jpg */ = {isa = PBXFileReference; lastKnownFileType = image.jpeg; path = caterpillar.jpg; sourceTree = "<group>"; };
		EA3FC1711EDC8DEC00B7E934 /* centipede.jpg */ = {isa = PBXFileReference; lastKnownFileType = image.jpeg; path = centipede.jpg; sourceTree = "<group>"; };
		EA3FC1721EDC8DEC00B7E934 /* cicada.jpg */ = {isa = PBXFileReference; lastKnownFileType = image.jpeg; path = cicada.jpg; sourceTree = "<group>"; };
		EA3FC1731EDC8DEC00B7E934 /* cockroach.jpg */ = {isa = PBXFileReference; lastKnownFileType = image.jpeg; path = cockroach.jpg; sourceTree = "<group>"; };
		EA3FC1741EDC8DEC00B7E934 /* exoskeleton.jpg */ = {isa = PBXFileReference; lastKnownFileType = image.jpeg; path = exoskeleton.jpg; sourceTree = "<group>"; };
		EA3FC1751EDC8DEC00B7E934 /* fly.jpg */ = {isa = PBXFileReference; lastKnownFileType = image.jpeg; path = fly.jpg; sourceTree = "<group>"; };
		EA3FC1761EDC8DEC00B7E934 /* giantMoth.jpg */ = {isa = PBXFileReference; lastKnownFileType = image.jpeg; path = giantMoth.jpg; sourceTree = "<group>"; };
		EA3FC1771EDC8DEC00B7E934 /* grasshopper.jpg */ = {isa = PBXFileReference; lastKnownFileType = image.jpeg; path = grasshopper.jpg; sourceTree = "<group>"; };
		EA3FC1781EDC8DEC00B7E934 /* ladybug.jpg */ = {isa = PBXFileReference; lastKnownFileType = image.jpeg; path = ladybug.jpg; sourceTree = "<group>"; };
		EA3FC1791EDC8DEC00B7E934 /* mosquito.jpg */ = {isa = PBXFileReference; lastKnownFileType = image.jpeg; path = mosquito.jpg; sourceTree = "<group>"; };
		EA3FC17A1EDC8DEC00B7E934 /* potatoBug.jpg */ = {isa = PBXFileReference; lastKnownFileType = image.jpeg; path = potatoBug.jpg; sourceTree = "<group>"; };
		EA3FC17B1EDC8DEC00B7E934 /* prayingMantis.jpg */ = {isa = PBXFileReference; lastKnownFileType = image.jpeg; path = prayingMantis.jpg; sourceTree = "<group>"; };
		EA3FC17C1EDC8DEC00B7E934 /* roach.jpg */ = {isa = PBXFileReference; lastKnownFileType = image.jpeg; path = roach.jpg; sourceTree = "<group>"; };
		EA3FC17D1EDC8DEC00B7E934 /* robberFly.jpg */ = {isa = PBXFileReference; lastKnownFileType = image.jpeg; path = robberFly.jpg; sourceTree = "<group>"; };
		EA3FC17E1EDC8DEC00B7E934 /* ScaryBug.swift */ = {isa = PBXFileReference; fileEncoding = 4; lastKnownFileType = sourcecode.swift; path = ScaryBug.swift; sourceTree = "<group>"; };
		EA3FC17F1EDC8DEC00B7E934 /* scorpion.jpg */ = {isa = PBXFileReference; lastKnownFileType = image.jpeg; path = scorpion.jpg; sourceTree = "<group>"; };
		EA3FC1801EDC8DEC00B7E934 /* shieldBug.jpg */ = {isa = PBXFileReference; lastKnownFileType = image.jpeg; path = shieldBug.jpg; sourceTree = "<group>"; };
		EA3FC1811EDC8DEC00B7E934 /* shockedface2_empty.png */ = {isa = PBXFileReference; lastKnownFileType = image.png; path = shockedface2_empty.png; sourceTree = "<group>"; };
		EA3FC1821EDC8DEC00B7E934 /* shockedface2_full.png */ = {isa = PBXFileReference; lastKnownFileType = image.png; path = shockedface2_full.png; sourceTree = "<group>"; };
		EA3FC1831EDC8DEC00B7E934 /* stagBeetle.jpg */ = {isa = PBXFileReference; lastKnownFileType = image.jpeg; path = stagBeetle.jpg; sourceTree = "<group>"; };
		EA3FC1841EDC8DEC00B7E934 /* stinkbug.jpg */ = {isa = PBXFileReference; lastKnownFileType = image.jpeg; path = stinkbug.jpg; sourceTree = "<group>"; };
		EA3FC1851EDC8DEC00B7E934 /* wolfSpider.jpg */ = {isa = PBXFileReference; lastKnownFileType = image.jpeg; path = wolfSpider.jpg; sourceTree = "<group>"; };
/* End PBXFileReference section */

/* Begin PBXFrameworksBuildPhase section */
		EA3FC1531EDC823700B7E934 /* Frameworks */ = {
			isa = PBXFrameworksBuildPhase;
			buildActionMask = 2147483647;
			files = (
			);
			runOnlyForDeploymentPostprocessing = 0;
		};
/* End PBXFrameworksBuildPhase section */

/* Begin PBXGroup section */
		EA3FC14D1EDC823700B7E934 = {
			isa = PBXGroup;
			children = (
				EA3FC1581EDC823700B7E934 /* 001-Challenge-TableOfBugs */,
				EA3FC1571EDC823700B7E934 /* Products */,
			);
			sourceTree = "<group>";
		};
		EA3FC1571EDC823700B7E934 /* Products */ = {
			isa = PBXGroup;
			children = (
				EA3FC1561EDC823700B7E934 /* 001-Challenge-TableOfBugs.app */,
			);
			name = Products;
			sourceTree = "<group>";
		};
		EA3FC1581EDC823700B7E934 /* 001-Challenge-TableOfBugs */ = {
			isa = PBXGroup;
			children = (
				EA3FC1591EDC823700B7E934 /* AppDelegate.swift */,
				EA3FC15B1EDC823700B7E934 /* ViewController.swift */,
				EA3FC15D1EDC823700B7E934 /* Main.storyboard */,
				EA3FC16B1EDC8DEC00B7E934 /* resources */,
				EA3FC1601EDC823700B7E934 /* Assets.xcassets */,
				EA3FC1621EDC823700B7E934 /* LaunchScreen.storyboard */,
				EA3FC1651EDC823700B7E934 /* Info.plist */,
			);
			path = "001-Challenge-TableOfBugs";
			sourceTree = "<group>";
		};
		EA3FC16B1EDC8DEC00B7E934 /* resources */ = {
			isa = PBXGroup;
			children = (
				EA3FC16C1EDC8DEC00B7E934 /* attribution.txt */,
				EA3FC16D1EDC8DEC00B7E934 /* bee.jpg */,
				EA3FC16E1EDC8DEC00B7E934 /* beetle.jpg */,
				EA3FC16F1EDC8DEC00B7E934 /* burritoInsect.jpg */,
				EA3FC1701EDC8DEC00B7E934 /* caterpillar.jpg */,
				EA3FC1711EDC8DEC00B7E934 /* centipede.jpg */,
				EA3FC1721EDC8DEC00B7E934 /* cicada.jpg */,
				EA3FC1731EDC8DEC00B7E934 /* cockroach.jpg */,
				EA3FC1741EDC8DEC00B7E934 /* exoskeleton.jpg */,
				EA3FC1751EDC8DEC00B7E934 /* fly.jpg */,
				EA3FC1761EDC8DEC00B7E934 /* giantMoth.jpg */,
				EA3FC1771EDC8DEC00B7E934 /* grasshopper.jpg */,
				EA3FC1781EDC8DEC00B7E934 /* ladybug.jpg */,
				EA3FC1791EDC8DEC00B7E934 /* mosquito.jpg */,
				EA3FC17A1EDC8DEC00B7E934 /* potatoBug.jpg */,
				EA3FC17B1EDC8DEC00B7E934 /* prayingMantis.jpg */,
				EA3FC17C1EDC8DEC00B7E934 /* roach.jpg */,
				EA3FC17D1EDC8DEC00B7E934 /* robberFly.jpg */,
				EA3FC17E1EDC8DEC00B7E934 /* ScaryBug.swift */,
				EA3FC17F1EDC8DEC00B7E934 /* scorpion.jpg */,
				EA3FC1801EDC8DEC00B7E934 /* shieldBug.jpg */,
				EA3FC1811EDC8DEC00B7E934 /* shockedface2_empty.png */,
				EA3FC1821EDC8DEC00B7E934 /* shockedface2_full.png */,
				EA3FC1831EDC8DEC00B7E934 /* stagBeetle.jpg */,
				EA3FC1841EDC8DEC00B7E934 /* stinkbug.jpg */,
				EA3FC1851EDC8DEC00B7E934 /* wolfSpider.jpg */,
			);
			path = resources;
			sourceTree = "<group>";
		};
/* End PBXGroup section */

/* Begin PBXNativeTarget section */
		EA3FC1551EDC823700B7E934 /* 001-Challenge-TableOfBugs */ = {
			isa = PBXNativeTarget;
			buildConfigurationList = EA3FC1681EDC823700B7E934 /* Build configuration list for PBXNativeTarget "001-Challenge-TableOfBugs" */;
			buildPhases = (
				EA3FC1521EDC823700B7E934 /* Sources */,
				EA3FC1531EDC823700B7E934 /* Frameworks */,
				EA3FC1541EDC823700B7E934 /* Resources */,
			);
			buildRules = (
			);
			dependencies = (
			);
			name = "001-Challenge-TableOfBugs";
			productName = "001-Challenge-TableOfBugs";
			productReference = EA3FC1561EDC823700B7E934 /* 001-Challenge-TableOfBugs.app */;
			productType = "com.apple.product-type.application";
		};
/* End PBXNativeTarget section */

/* Begin PBXProject section */
		EA3FC14E1EDC823700B7E934 /* Project object */ = {
			isa = PBXProject;
			attributes = {
				LastSwiftUpdateCheck = 0830;
				LastUpgradeCheck = 0830;
				ORGANIZATIONNAME = "Andres Kwan";
				TargetAttributes = {
					EA3FC1551EDC823700B7E934 = {
						CreatedOnToolsVersion = 8.3.2;
						DevelopmentTeam = UG88X33WHR;
						ProvisioningStyle = Automatic;
					};
				};
			};
			buildConfigurationList = EA3FC1511EDC823700B7E934 /* Build configuration list for PBXProject "001-Challenge-TableOfBugs" */;
			compatibilityVersion = "Xcode 3.2";
			developmentRegion = English;
			hasScannedForEncodings = 0;
			knownRegions = (
				en,
				Base,
			);
			mainGroup = EA3FC14D1EDC823700B7E934;
			productRefGroup = EA3FC1571EDC823700B7E934 /* Products */;
			projectDirPath = "";
			projectRoot = "";
			targets = (
				EA3FC1551EDC823700B7E934 /* 001-Challenge-TableOfBugs */,
			);
		};
/* End PBXProject section */

/* Begin PBXResourcesBuildPhase section */
		EA3FC1541EDC823700B7E934 /* Resources */ = {
			isa = PBXResourcesBuildPhase;
			buildActionMask = 2147483647;
			files = (
				EA3FC19A1EDC8DEC00B7E934 /* shieldBug.jpg in Resources */,
				EA3FC19B1EDC8DEC00B7E934 /* shockedface2_empty.png in Resources */,
				EA3FC1641EDC823700B7E934 /* LaunchScreen.storyboard in Resources */,
				EA3FC1911EDC8DEC00B7E934 /* grasshopper.jpg in Resources */,
				EA3FC1921EDC8DEC00B7E934 /* ladybug.jpg in Resources */,
				EA3FC18A1EDC8DEC00B7E934 /* caterpillar.jpg in Resources */,
				EA3FC1991EDC8DEC00B7E934 /* scorpion.jpg in Resources */,
				EA3FC1971EDC8DEC00B7E934 /* robberFly.jpg in Resources */,
				EA3FC1871EDC8DEC00B7E934 /* bee.jpg in Resources */,
				EA3FC1881EDC8DEC00B7E934 /* beetle.jpg in Resources */,
				EA3FC1611EDC823700B7E934 /* Assets.xcassets in Resources */,
				EA3FC1861EDC8DEC00B7E934 /* attribution.txt in Resources */,
				EA3FC19C1EDC8DEC00B7E934 /* shockedface2_full.png in Resources */,
				EA3FC18B1EDC8DEC00B7E934 /* centipede.jpg in Resources */,
				EA3FC1961EDC8DEC00B7E934 /* roach.jpg in Resources */,
				EA3FC19E1EDC8DEC00B7E934 /* stinkbug.jpg in Resources */,
				EA3FC18E1EDC8DEC00B7E934 /* exoskeleton.jpg in Resources */,
				EA3FC1931EDC8DEC00B7E934 /* mosquito.jpg in Resources */,
				EA3FC1951EDC8DEC00B7E934 /* prayingMantis.jpg in Resources */,
				EA3FC1891EDC8DEC00B7E934 /* burritoInsect.jpg in Resources */,
				EA3FC19F1EDC8DEC00B7E934 /* wolfSpider.jpg in Resources */,
				EA3FC18D1EDC8DEC00B7E934 /* cockroach.jpg in Resources */,
				EA3FC18C1EDC8DEC00B7E934 /* cicada.jpg in Resources */,
				EA3FC1901EDC8DEC00B7E934 /* giantMoth.jpg in Resources */,
				EA3FC18F1EDC8DEC00B7E934 /* fly.jpg in Resources */,
				EA3FC15F1EDC823700B7E934 /* Main.storyboard in Resources */,
				EA3FC1941EDC8DEC00B7E934 /* potatoBug.jpg in Resources */,
				EA3FC19D1EDC8DEC00B7E934 /* stagBeetle.jpg in Resources */,
			);
			runOnlyForDeploymentPostprocessing = 0;
		};
/* End PBXResourcesBuildPhase section */

/* Begin PBXSourcesBuildPhase section */
		EA3FC1521EDC823700B7E934 /* Sources */ = {
			isa = PBXSourcesBuildPhase;
			buildActionMask = 2147483647;
			files = (
				EA3FC15C1EDC823700B7E934 /* ViewController.swift in Sources */,
				EA3FC15A1EDC823700B7E934 /* AppDelegate.swift in Sources */,
				EA3FC1981EDC8DEC00B7E934 /* ScaryBug.swift in Sources */,
			);
			runOnlyForDeploymentPostprocessing = 0;
		};
/* End PBXSourcesBuildPhase section */

/* Begin PBXVariantGroup section */
		EA3FC15D1EDC823700B7E934 /* Main.storyboard */ = {
			isa = PBXVariantGroup;
			children = (
				EA3FC15E1EDC823700B7E934 /* Base */,
			);
			name = Main.storyboard;
			sourceTree = "<group>";
		};
		EA3FC1621EDC823700B7E934 /* LaunchScreen.storyboard */ = {
			isa = PBXVariantGroup;
			children = (
				EA3FC1631EDC823700B7E934 /* Base */,
			);
			name = LaunchScreen.storyboard;
			sourceTree = "<group>";
		};
/* End PBXVariantGroup section */

/* Begin XCBuildConfiguration section */
		EA3FC1661EDC823700B7E934 /* Debug */ = {
			isa = XCBuildConfiguration;
			buildSettings = {
				ALWAYS_SEARCH_USER_PATHS = NO;
				CLANG_ANALYZER_NONNULL = YES;
				CLANG_ANALYZER_NUMBER_OBJECT_CONVERSION = YES_AGGRESSIVE;
				CLANG_CXX_LANGUAGE_STANDARD = "gnu++0x";
				CLANG_CXX_LIBRARY = "libc++";
				CLANG_ENABLE_MODULES = YES;
				CLANG_ENABLE_OBJC_ARC = YES;
				CLANG_WARN_BOOL_CONVERSION = YES;
				CLANG_WARN_CONSTANT_CONVERSION = YES;
				CLANG_WARN_DIRECT_OBJC_ISA_USAGE = YES_ERROR;
				CLANG_WARN_DOCUMENTATION_COMMENTS = YES;
				CLANG_WARN_EMPTY_BODY = YES;
				CLANG_WARN_ENUM_CONVERSION = YES;
				CLANG_WARN_INFINITE_RECURSION = YES;
				CLANG_WARN_INT_CONVERSION = YES;
				CLANG_WARN_OBJC_ROOT_CLASS = YES_ERROR;
				CLANG_WARN_SUSPICIOUS_MOVE = YES;
				CLANG_WARN_UNREACHABLE_CODE = YES;
				CLANG_WARN__DUPLICATE_METHOD_MATCH = YES;
				"CODE_SIGN_IDENTITY[sdk=iphoneos*]" = "iPhone Developer";
				COPY_PHASE_STRIP = NO;
				DEBUG_INFORMATION_FORMAT = dwarf;
				ENABLE_STRICT_OBJC_MSGSEND = YES;
				ENABLE_TESTABILITY = YES;
				GCC_C_LANGUAGE_STANDARD = gnu99;
				GCC_DYNAMIC_NO_PIC = NO;
				GCC_NO_COMMON_BLOCKS = YES;
				GCC_OPTIMIZATION_LEVEL = 0;
				GCC_PREPROCESSOR_DEFINITIONS = (
					"DEBUG=1",
					"$(inherited)",
				);
				GCC_WARN_64_TO_32_BIT_CONVERSION = YES;
				GCC_WARN_ABOUT_RETURN_TYPE = YES_ERROR;
				GCC_WARN_UNDECLARED_SELECTOR = YES;
				GCC_WARN_UNINITIALIZED_AUTOS = YES_AGGRESSIVE;
				GCC_WARN_UNUSED_FUNCTION = YES;
				GCC_WARN_UNUSED_VARIABLE = YES;
				IPHONEOS_DEPLOYMENT_TARGET = 10.3;
				MTL_ENABLE_DEBUG_INFO = YES;
				ONLY_ACTIVE_ARCH = YES;
				SDKROOT = iphoneos;
				SWIFT_ACTIVE_COMPILATION_CONDITIONS = DEBUG;
				SWIFT_OPTIMIZATION_LEVEL = "-Onone";
			};
			name = Debug;
		};
		EA3FC1671EDC823700B7E934 /* Release */ = {
			isa = XCBuildConfiguration;
			buildSettings = {
				ALWAYS_SEARCH_USER_PATHS = NO;
				CLANG_ANALYZER_NONNULL = YES;
				CLANG_ANALYZER_NUMBER_OBJECT_CONVERSION = YES_AGGRESSIVE;
				CLANG_CXX_LANGUAGE_STANDARD = "gnu++0x";
				CLANG_CXX_LIBRARY = "libc++";
				CLANG_ENABLE_MODULES = YES;
				CLANG_ENABLE_OBJC_ARC = YES;
				CLANG_WARN_BOOL_CONVERSION = YES;
				CLANG_WARN_CONSTANT_CONVERSION = YES;
				CLANG_WARN_DIRECT_OBJC_ISA_USAGE = YES_ERROR;
				CLANG_WARN_DOCUMENTATION_COMMENTS = YES;
				CLANG_WARN_EMPTY_BODY = YES;
				CLANG_WARN_ENUM_CONVERSION = YES;
				CLANG_WARN_INFINITE_RECURSION = YES;
				CLANG_WARN_INT_CONVERSION = YES;
				CLANG_WARN_OBJC_ROOT_CLASS = YES_ERROR;
				CLANG_WARN_SUSPICIOUS_MOVE = YES;
				CLANG_WARN_UNREACHABLE_CODE = YES;
				CLANG_WARN__DUPLICATE_METHOD_MATCH = YES;
				"CODE_SIGN_IDENTITY[sdk=iphoneos*]" = "iPhone Developer";
				COPY_PHASE_STRIP = NO;
				DEBUG_INFORMATION_FORMAT = "dwarf-with-dsym";
				ENABLE_NS_ASSERTIONS = NO;
				ENABLE_STRICT_OBJC_MSGSEND = YES;
				GCC_C_LANGUAGE_STANDARD = gnu99;
				GCC_NO_COMMON_BLOCKS = YES;
				GCC_WARN_64_TO_32_BIT_CONVERSION = YES;
				GCC_WARN_ABOUT_RETURN_TYPE = YES_ERROR;
				GCC_WARN_UNDECLARED_SELECTOR = YES;
				GCC_WARN_UNINITIALIZED_AUTOS = YES_AGGRESSIVE;
				GCC_WARN_UNUSED_FUNCTION = YES;
				GCC_WARN_UNUSED_VARIABLE = YES;
				IPHONEOS_DEPLOYMENT_TARGET = 10.3;
				MTL_ENABLE_DEBUG_INFO = NO;
				SDKROOT = iphoneos;
				SWIFT_OPTIMIZATION_LEVEL = "-Owholemodule";
				VALIDATE_PRODUCT = YES;
			};
			name = Release;
		};
		EA3FC1691EDC823700B7E934 /* Debug */ = {
			isa = XCBuildConfiguration;
			buildSettings = {
				ASSETCATALOG_COMPILER_APPICON_NAME = AppIcon;
				DEVELOPMENT_TEAM = UG88X33WHR;
				INFOPLIST_FILE = "001-Challenge-TableOfBugs/Info.plist";
				LD_RUNPATH_SEARCH_PATHS = "$(inherited) @executable_path/Frameworks";
				PRODUCT_BUNDLE_IDENTIFIER = "kwan.com.-01-Challenge-TableOfBugs";
				PRODUCT_NAME = "$(TARGET_NAME)";
				SWIFT_VERSION = 3.0;
			};
			name = Debug;
		};
		EA3FC16A1EDC823700B7E934 /* Release */ = {
			isa = XCBuildConfiguration;
			buildSettings = {
				ASSETCATALOG_COMPILER_APPICON_NAME = AppIcon;
				DEVELOPMENT_TEAM = UG88X33WHR;
				INFOPLIST_FILE = "001-Challenge-TableOfBugs/Info.plist";
				LD_RUNPATH_SEARCH_PATHS = "$(inherited) @executable_path/Frameworks";
				PRODUCT_BUNDLE_IDENTIFIER = "kwan.com.-01-Challenge-TableOfBugs";
				PRODUCT_NAME = "$(TARGET_NAME)";
				SWIFT_VERSION = 3.0;
			};
			name = Release;
		};
/* End XCBuildConfiguration section */

/* Begin XCConfigurationList section */
		EA3FC1511EDC823700B7E934 /* Build configuration list for PBXProject "001-Challenge-TableOfBugs" */ = {
			isa = XCConfigurationList;
			buildConfigurations = (
				EA3FC1661EDC823700B7E934 /* Debug */,
				EA3FC1671EDC823700B7E934 /* Release */,
			);
			defaultConfigurationIsVisible = 0;
			defaultConfigurationName = Release;
		};
		EA3FC1681EDC823700B7E934 /* Build configuration list for PBXNativeTarget "001-Challenge-TableOfBugs" */ = {
			isa = XCConfigurationList;
			buildConfigurations = (
				EA3FC1691EDC823700B7E934 /* Debug */,
				EA3FC16A1EDC823700B7E934 /* Release */,
			);
			defaultConfigurationIsVisible = 0;
		};
/* End XCConfigurationList section */
	};
	rootObject = EA3FC14E1EDC823700B7E934 /* Project object */;
}
